
Microsoft Visual Studio Solution File, Format Version 12.00
# Visual Studio Version 17
VisualStudioVersion = 17.1.32328.378
MinimumVisualStudioVersion = 10.0.40219.1
Project("{FAE04EC0-301F-11D3-BF4B-00C04F79EFBC}") = "MvcStok", "MvcStok\MvcStok.csproj", "{99A37992-2690-48CE-BD4E-AEE86979ECC5}"
EndProject
Global
	GlobalSection(SolutionConfigurationPlatforms) = preSolution
		Debug|Any CPU = Debug|Any CPU
		Release|Any CPU = Release|Any CPU
	EndGlobalSection
	GlobalSection(ProjectConfigurationPlatforms) = postSolution
		{99A37992-2690-48CE-BD4E-AEE86979ECC5}.Debug|Any CPU.ActiveCfg = Debug|Any CPU
		{99A37992-2690-48CE-BD4E-AEE86979ECC5}.Debug|Any CPU.Build.0 = Debug|Any CPU
		{99A37992-2690-48CE-BD4E-AEE86979ECC5}.Release|Any CPU.ActiveCfg = Release|Any CPU
		{99A37992-2690-48CE-BD4E-AEE86979ECC5}.Release|Any CPU.Build.0 = Release|Any CPU
	EndGlobalSection
	GlobalSection(SolutionProperties) = preSolution
		HideSolutionNode = FALSE
	EndGlobalSection
	GlobalSection(ExtensibilityGlobals) = postSolution
		SolutionGuid = {DAE434EA-1250-419A-9346-1FA2A41D30CA}
	EndGlobalSection
EndGlobal
